
Microsoft Visual Studio Solution File, Format Version 12.00
# Visual Studio 15
Project("{FAE04EC0-301F-11D3-BF4B-00C04F79EFBC}") = "Assembly-CSharp", "Assembly-CSharp.csproj", "{99BC7C2E-3AF9-0A32-AC98-73688002E89D}"
EndProject
Project("{FAE04EC0-301F-11D3-BF4B-00C04F79EFBC}") = "Assembly-CSharp-Editor", "Assembly-CSharp-Editor.csproj", "{243C2240-46CF-B1F9-1A03-C2A8E6FFF2AF}"
EndProject
Global
	GlobalSection(SolutionConfigurationPlatforms) = preSolution
		Debug|Any CPU = Debug|Any CPU
		Release|Any CPU = Release|Any CPU
	EndGlobalSection
	GlobalSection(ProjectConfigurationPlatforms) = postSolution
		{99BC7C2E-3AF9-0A32-AC98-73688002E89D}.Debug|Any CPU.ActiveCfg = Debug|Any CPU
		{99BC7C2E-3AF9-0A32-AC98-73688002E89D}.Debug|Any CPU.Build.0 = Debug|Any CPU
		{99BC7C2E-3AF9-0A32-AC98-73688002E89D}.Release|Any CPU.ActiveCfg = Release|Any CPU
		{99BC7C2E-3AF9-0A32-AC98-73688002E89D}.Release|Any CPU.Build.0 = Release|Any CPU
		{243C2240-46CF-B1F9-1A03-C2A8E6FFF2AF}.Debug|Any CPU.ActiveCfg = Debug|Any CPU
		{243C2240-46CF-B1F9-1A03-C2A8E6FFF2AF}.Debug|Any CPU.Build.0 = Debug|Any CPU
		{243C2240-46CF-B1F9-1A03-C2A8E6FFF2AF}.Release|Any CPU.ActiveCfg = Release|Any CPU
		{243C2240-46CF-B1F9-1A03-C2A8E6FFF2AF}.Release|Any CPU.Build.0 = Release|Any CPU
	EndGlobalSection
	GlobalSection(SolutionProperties) = preSolution
		HideSolutionNode = FALSE
	EndGlobalSection
EndGlobal
